
Microsoft Visual Studio Solution File, Format Version 12.00
# Visual Studio Version 17
VisualStudioVersion = 17.7.34221.43
MinimumVisualStudioVersion = 10.0.40219.1
Project("{FAE04EC0-301F-11D3-BF4B-00C04F79EFBC}") = "HttpClientFactoryDemo", "HttpClientFactoryDemo\HttpClientFactoryDemo.csproj", "{D59A246E-8E65-4279-999E-7491A91013B8}"
EndProject
Global
	GlobalSection(SolutionConfigurationPlatforms) = preSolution
		Debug|Any CPU = Debug|Any CPU
		Release|Any CPU = Release|Any CPU
	EndGlobalSection
	GlobalSection(ProjectConfigurationPlatforms) = postSolution
		{D59A246E-8E65-4279-999E-7491A91013B8}.Debug|Any CPU.ActiveCfg = Debug|Any CPU
		{D59A246E-8E65-4279-999E-7491A91013B8}.Debug|Any CPU.Build.0 = Debug|Any CPU
		{D59A246E-8E65-4279-999E-7491A91013B8}.Release|Any CPU.ActiveCfg = Release|Any CPU
		{D59A246E-8E65-4279-999E-7491A91013B8}.Release|Any CPU.Build.0 = Release|Any CPU
	EndGlobalSection
	GlobalSection(SolutionProperties) = preSolution
		HideSolutionNode = FALSE
	EndGlobalSection
	GlobalSection(ExtensibilityGlobals) = postSolution
		SolutionGuid = {EB4F92C6-16C8-420F-B95C-298AD4E385AB}
	EndGlobalSection
EndGlobal
